{
  "originHash" : "86da180fc5609a2d590979894910686179d6c093faa3b0b40c98606b08f08aa1",
  "pins" : [
    {
      "identity" : "swift-macro-testing",
      "kind" : "remoteSourceControl",
      "location" : "https://github.com/pointfreeco/swift-macro-testing",
      "state" : {
        "branch" : "main",
        "revision" : "78e7d4e574dda7b663ce57bb708db439dff4ef85"
      }
    },
    {
      "identity" : "swift-snapshot-testing",
      "kind" : "remoteSourceControl",
      "location" : "https://github.com/pointfreeco/swift-snapshot-testing",
      "state" : {
        "revision" : "6d932a79e7173b275b96c600c86c603cf84f153c",
        "version" : "1.17.4"
      }
    },
    {
      "identity" : "swift-syntax",
      "kind" : "remoteSourceControl",
      "location" : "https://github.com/swiftlang/swift-syntax.git",
      "state" : {
        "revision" : "515f79b522918f83483068d99c68daeb5116342d",
        "version" : "600.0.0-prerelease-2024-09-04"
      }
    }
  ],
  "version" : 3
}
