{
  "originHash" : "e5ee6c7555f44e08cc63c26b974e6426c9c12cac3e697d6416c4057c30fc0c6a",
  "pins" : [
    {
      "identity" : "swift-syntax",
      "kind" : "remoteSourceControl",
      "location" : "https://github.com/swiftlang/swift-syntax.git",
      "state" : {
        "branch" : "main",
        "revision" : "f8b635392690fe59c74064ce222e134335cf22d0"
      }
    }
  ],
  "version" : 3
}
